Microsoft Visual Studio Solution File, Format Version 12.00
# Visual Studio Version 17
VisualStudioVersion = 17.13.35818.85 d17.13
MinimumVisualStudioVersion = 10.0.40219.1
Project("{FAE04EC0-301F-11D3-BF4B-00C04F79EFBC}") = "menus", "menus\menus.csproj", "{8CD6FC0A-4DE6-40BD-95AC-D9D82239B303}"
EndProject
Global
	GlobalSection(SolutionConfigurationPlatforms) = preSolution
		Debug|Any CPU = Debug|Any CPU
		Release|Any CPU = Release|Any CPU
	EndGlobalSection
	GlobalSection(ProjectConfigurationPlatforms) = postSolution
		{8CD6FC0A-4DE6-40BD-95AC-D9D82239B303}.Debug|Any CPU.ActiveCfg = Debug|Any CPU
		{8CD6FC0A-4DE6-40BD-95AC-D9D82239B303}.Debug|Any CPU.Build.0 = Debug|Any CPU
		{8CD6FC0A-4DE6-40BD-95AC-D9D82239B303}.Release|Any CPU.ActiveCfg = Release|Any CPU
		{8CD6FC0A-4DE6-40BD-95AC-D9D82239B303}.Release|Any CPU.Build.0 = Release|Any CPU
	EndGlobalSection
	GlobalSection(SolutionProperties) = preSolution
		HideSolutionNode = FALSE
	EndGlobalSection
	GlobalSection(ExtensibilityGlobals) = postSolution
		SolutionGuid = {5B20CF7A-D2FF-4014-899A-480C8640729E}
	EndGlobalSection
EndGlobal
